// !$*UTF8*$!
{
	archiveVersion = 1;
	classes = {
	};
	objectVersion = 56;
	objects = {

/* Begin PBXBuildFile section */
		DD4D02BA29EC599A00FAE587 /* BenchmarkApp.swift in Sources */ = {isa = PBXBuildFile; fileRef = DD4D02B929EC599A00FAE587 /* BenchmarkApp.swift */; };
		DD4D02BC29EC599A00FAE587 /* ContentView.swift in Sources */ = {isa = PBXBuildFile; fileRef = DD4D02BB29EC599A00FAE587 /* ContentView.swift */; };
		DD4D02BE29EC599B00FAE587 /* Assets.xcassets in Resources */ = {isa = PBXBuildFile; fileRef = DD4D02BD29EC599B00FAE587 /* Assets.xcassets */; };
		DD4D02C129EC599B00FAE587 /* Preview Assets.xcassets in Resources */ = {isa = PBXBuildFile; fileRef = DD4D02C029EC599B00FAE587 /* Preview Assets.xcassets */; };
		DD4D02CB29EC599B00FAE587 /* BenchmarkTests.swift in Sources */ = {isa = PBXBuildFile; fileRef = DD4D02CA29EC599B00FAE587 /* BenchmarkTests.swift */; };
		DD4D02D529EC599B00FAE587 /* BenchmarkUITests.swift in Sources */ = {isa = PBXBuildFile; fileRef = DD4D02D429EC599B00FAE587 /* BenchmarkUITests.swift */; };
		DD4D02D729EC599B00FAE587 /* BenchmarkUITestsLaunchTests.swift in Sources */ = {isa = PBXBuildFile; fileRef = DD4D02D629EC599B00FAE587 /* BenchmarkUITestsLaunchTests.swift */; };
		DD4D02E829EC5C1F00FAE587 /* BackpropToolsInterface.mm in Sources */ = {isa = PBXBuildFile; fileRef = DD4D02E729EC5C1F00FAE587 /* BackpropToolsInterface.mm */; };
		DD4D02EA29EC600400FAE587 /* Benchmark.swift in Sources */ = {isa = PBXBuildFile; fileRef = DD4D02E929EC600400FAE587 /* Benchmark.swift */; };
		DD4D02ED29EC630F00FAE587 /* Accelerate.framework in Frameworks */ = {isa = PBXBuildFile; fileRef = DD4D02EC29EC630F00FAE587 /* Accelerate.framework */; };
		DD9C89FD29ED8F7B00702A0C /* benchmark-watch Watch App.app in Embed Watch Content */ = {isa = PBXBuildFile; fileRef = DD9C89FC29ED8F7B00702A0C /* benchmark-watch Watch App.app */; settings = {ATTRIBUTES = (RemoveHeadersOnCopy, ); }; };
		DD9C8A0229ED8F7B00702A0C /* benchmark_watchApp.swift in Sources */ = {isa = PBXBuildFile; fileRef = DD9C8A0129ED8F7B00702A0C /* benchmark_watchApp.swift */; };
		DD9C8A0429ED8F7B00702A0C /* ContentView.swift in Sources */ = {isa = PBXBuildFile; fileRef = DD9C8A0329ED8F7B00702A0C /* ContentView.swift */; };
		DD9C8A0629ED8F7C00702A0C /* Assets.xcassets in Resources */ = {isa = PBXBuildFile; fileRef = DD9C8A0529ED8F7C00702A0C /* Assets.xcassets */; };
		DD9C8A0929ED8F7C00702A0C /* Preview Assets.xcassets in Resources */ = {isa = PBXBuildFile; fileRef = DD9C8A0829ED8F7C00702A0C /* Preview Assets.xcassets */; };
		DD9C8A1329ED8F7C00702A0C /* benchmark_watch_Watch_AppTests.swift in Sources */ = {isa = PBXBuildFile; fileRef = DD9C8A1229ED8F7C00702A0C /* benchmark_watch_Watch_AppTests.swift */; };
		DD9C8A1D29ED8F7C00702A0C /* benchmark_watch_Watch_AppUITests.swift in Sources */ = {isa = PBXBuildFile; fileRef = DD9C8A1C29ED8F7C00702A0C /* benchmark_watch_Watch_AppUITests.swift */; };
		DD9C8A1F29ED8F7C00702A0C /* benchmark_watch_Watch_AppUITestsLaunchTests.swift in Sources */ = {isa = PBXBuildFile; fileRef = DD9C8A1E29ED8F7C00702A0C /* benchmark_watch_Watch_AppUITestsLaunchTests.swift */; };
		DD9C8A3129ED9B2500702A0C /* BackpropToolsInterface.mm in Sources */ = {isa = PBXBuildFile; fileRef = DD9C8A2E29ED9B2500702A0C /* BackpropToolsInterface.mm */; };
		DD9C8A3229ED9B2500702A0C /* Benchmark.swift in Sources */ = {isa = PBXBuildFile; fileRef = DD9C8A2F29ED9B2500702A0C /* Benchmark.swift */; };
		DD9C8A3429ED9BEB00702A0C /* Accelerate.framework in Frameworks */ = {isa = PBXBuildFile; fileRef = DD9C8A3329ED9BEB00702A0C /* Accelerate.framework */; };
/* End PBXBuildFile section */

/* Begin PBXContainerItemProxy section */
		DD4D02C729EC599B00FAE587 /* PBXContainerItemProxy */ = {
			isa = PBXContainerItemProxy;
			containerPortal = DD4D02AE29EC599A00FAE587 /* Project object */;
			proxyType = 1;
			remoteGlobalIDString = DD4D02B529EC599A00FAE587;
			remoteInfo = Benchmark;
		};
		DD4D02D129EC599B00FAE587 /* PBXContainerItemProxy */ = {
			isa = PBXContainerItemProxy;
			containerPortal = DD4D02AE29EC599A00FAE587 /* Project object */;
			proxyType = 1;
			remoteGlobalIDString = DD4D02B529EC599A00FAE587;
			remoteInfo = Benchmark;
		};
		DD9C89FE29ED8F7B00702A0C /* PBXContainerItemProxy */ = {
			isa = PBXContainerItemProxy;
			containerPortal = DD4D02AE29EC599A00FAE587 /* Project object */;
			proxyType = 1;
			remoteGlobalIDString = DD9C89FB29ED8F7B00702A0C;
			remoteInfo = "benchmark-watch Watch App";
		};
		DD9C8A0F29ED8F7C00702A0C /* PBXContainerItemProxy */ = {
			isa = PBXContainerItemProxy;
			containerPortal = DD4D02AE29EC599A00FAE587 /* Project object */;
			proxyType = 1;
			remoteGlobalIDString = DD9C89FB29ED8F7B00702A0C;
			remoteInfo = "benchmark-watch Watch App";
		};
		DD9C8A1929ED8F7C00702A0C /* PBXContainerItemProxy */ = {
			isa = PBXContainerItemProxy;
			containerPortal = DD4D02AE29EC599A00FAE587 /* Project object */;
			proxyType = 1;
			remoteGlobalIDString = DD9C89FB29ED8F7B00702A0C;
			remoteInfo = "benchmark-watch Watch App";
		};
/* End PBXContainerItemProxy section */

/* Begin PBXCopyFilesBuildPhase section */
		DD9C8A2229ED8F7C00702A0C /* Embed Watch Content */ = {
			isa = PBXCopyFilesBuildPhase;
			buildActionMask = 2147483647;
			dstPath = "$(CONTENTS_FOLDER_PATH)/Watch";
			dstSubfolderSpec = 16;
			files = (
				DD9C89FD29ED8F7B00702A0C /* benchmark-watch Watch App.app in Embed Watch Content */,
			);
			name = "Embed Watch Content";
			runOnlyForDeploymentPostprocessing = 0;
		};
/* End PBXCopyFilesBuildPhase section */

/* Begin PBXFileReference section */
		DD4D02B629EC599A00FAE587 /* Benchmark.app */ = {isa = PBXFileReference; explicitFileType = wrapper.application; includeInIndex = 0; path = Benchmark.app; sourceTree = BUILT_PRODUCTS_DIR; };
		DD4D02B929EC599A00FAE587 /* BenchmarkApp.swift */ = {isa = PBXFileReference; lastKnownFileType = sourcecode.swift; path = BenchmarkApp.swift; sourceTree = "<group>"; };
		DD4D02BB29EC599A00FAE587 /* ContentView.swift */ = {isa = PBXFileReference; lastKnownFileType = sourcecode.swift; path = ContentView.swift; sourceTree = "<group>"; };
		DD4D02BD29EC599B00FAE587 /* Assets.xcassets */ = {isa = PBXFileReference; lastKnownFileType = folder.assetcatalog; path = Assets.xcassets; sourceTree = "<group>"; };
		DD4D02C029EC599B00FAE587 /* Preview Assets.xcassets */ = {isa = PBXFileReference; lastKnownFileType = folder.assetcatalog; path = "Preview Assets.xcassets"; sourceTree = "<group>"; };
		DD4D02C629EC599B00FAE587 /* BenchmarkTests.xctest */ = {isa = PBXFileReference; explicitFileType = wrapper.cfbundle; includeInIndex = 0; path = BenchmarkTests.xctest; sourceTree = BUILT_PRODUCTS_DIR; };
		DD4D02CA29EC599B00FAE587 /* BenchmarkTests.swift */ = {isa = PBXFileReference; lastKnownFileType = sourcecode.swift; path = BenchmarkTests.swift; sourceTree = "<group>"; };
		DD4D02D029EC599B00FAE587 /* BenchmarkUITests.xctest */ = {isa = PBXFileReference; explicitFileType = wrapper.cfbundle; includeInIndex = 0; path = BenchmarkUITests.xctest; sourceTree = BUILT_PRODUCTS_DIR; };
		DD4D02D429EC599B00FAE587 /* BenchmarkUITests.swift */ = {isa = PBXFileReference; lastKnownFileType = sourcecode.swift; path = BenchmarkUITests.swift; sourceTree = "<group>"; };
		DD4D02D629EC599B00FAE587 /* BenchmarkUITestsLaunchTests.swift */ = {isa = PBXFileReference; lastKnownFileType = sourcecode.swift; path = BenchmarkUITestsLaunchTests.swift; sourceTree = "<group>"; };
		DD4D02E329EC5A5300FAE587 /* Benchmark-Bridging-Header.h */ = {isa = PBXFileReference; lastKnownFileType = sourcecode.c.h; path = "Benchmark-Bridging-Header.h"; sourceTree = "<group>"; };
		DD4D02E429EC5A5300FAE587 /* BackpropToolsInterface.h */ = {isa = PBXFileReference; lastKnownFileType = sourcecode.c.h; path = BackpropToolsInterface.h; sourceTree = "<group>"; };
		DD4D02E729EC5C1F00FAE587 /* BackpropToolsInterface.mm */ = {isa = PBXFileReference; fileEncoding = 4; lastKnownFileType = sourcecode.cpp.objcpp; path = BackpropToolsInterface.mm; sourceTree = "<group>"; };
		DD4D02E929EC600400FAE587 /* Benchmark.swift */ = {isa = PBXFileReference; lastKnownFileType = sourcecode.swift; path = Benchmark.swift; sourceTree = "<group>"; };
		DD4D02EC29EC630F00FAE587 /* Accelerate.framework */ = {isa = PBXFileReference; lastKnownFileType = wrapper.framework; name = Accelerate.framework; path = System/Library/Frameworks/Accelerate.framework; sourceTree = SDKROOT; };
		DD9C89F729ED8F7B00702A0C /* benchmark-watch.app */ = {isa = PBXFileReference; explicitFileType = wrapper.application; includeInIndex = 0; path = "benchmark-watch.app"; sourceTree = BUILT_PRODUCTS_DIR; };
		DD9C89FC29ED8F7B00702A0C /* benchmark-watch Watch App.app */ = {isa = PBXFileReference; explicitFileType = wrapper.application; includeInIndex = 0; path = "benchmark-watch Watch App.app"; sourceTree = BUILT_PRODUCTS_DIR; };
		DD9C8A0129ED8F7B00702A0C /* benchmark_watchApp.swift */ = {isa = PBXFileReference; lastKnownFileType = sourcecode.swift; path = benchmark_watchApp.swift; sourceTree = "<group>"; };
		DD9C8A0329ED8F7B00702A0C /* ContentView.swift */ = {isa = PBXFileReference; lastKnownFileType = sourcecode.swift; path = ContentView.swift; sourceTree = "<group>"; };
		DD9C8A0529ED8F7C00702A0C /* Assets.xcassets */ = {isa = PBXFileReference; lastKnownFileType = folder.assetcatalog; path = Assets.xcassets; sourceTree = "<group>"; };
		DD9C8A0829ED8F7C00702A0C /* Preview Assets.xcassets */ = {isa = PBXFileReference; lastKnownFileType = folder.assetcatalog; path = "Preview Assets.xcassets"; sourceTree = "<group>"; };
		DD9C8A0E29ED8F7C00702A0C /* benchmark-watch Watch AppTests.xctest */ = {isa = PBXFileReference; explicitFileType = wrapper.cfbundle; includeInIndex = 0; path = "benchmark-watch Watch AppTests.xctest"; sourceTree = BUILT_PRODUCTS_DIR; };
		DD9C8A1229ED8F7C00702A0C /* benchmark_watch_Watch_AppTests.swift */ = {isa = PBXFileReference; lastKnownFileType = sourcecode.swift; path = benchmark_watch_Watch_AppTests.swift; sourceTree = "<group>"; };
		DD9C8A1829ED8F7C00702A0C /* benchmark-watch Watch AppUITests.xctest */ = {isa = PBXFileReference; explicitFileType = wrapper.cfbundle; includeInIndex = 0; path = "benchmark-watch Watch AppUITests.xctest"; sourceTree = BUILT_PRODUCTS_DIR; };
		DD9C8A1C29ED8F7C00702A0C /* benchmark_watch_Watch_AppUITests.swift */ = {isa = PBXFileReference; lastKnownFileType = sourcecode.swift; path = benchmark_watch_Watch_AppUITests.swift; sourceTree = "<group>"; };
		DD9C8A1E29ED8F7C00702A0C /* benchmark_watch_Watch_AppUITestsLaunchTests.swift */ = {isa = PBXFileReference; lastKnownFileType = sourcecode.swift; path = benchmark_watch_Watch_AppUITestsLaunchTests.swift; sourceTree = "<group>"; };
		DD9C8A2D29ED9B2500702A0C /* Benchmark-Bridging-Header.h */ = {isa = PBXFileReference; fileEncoding = 4; lastKnownFileType = sourcecode.c.h; path = "Benchmark-Bridging-Header.h"; sourceTree = "<group>"; };
		DD9C8A2E29ED9B2500702A0C /* BackpropToolsInterface.mm */ = {isa = PBXFileReference; fileEncoding = 4; lastKnownFileType = sourcecode.cpp.objcpp; path = BackpropToolsInterface.mm; sourceTree = "<group>"; };
		DD9C8A2F29ED9B2500702A0C /* Benchmark.swift */ = {isa = PBXFileReference; fileEncoding = 4; lastKnownFileType = sourcecode.swift; path = Benchmark.swift; sourceTree = "<group>"; };
		DD9C8A3029ED9B2500702A0C /* BackpropToolsInterface.h */ = {isa = PBXFileReference; fileEncoding = 4; lastKnownFileType = sourcecode.c.h; path = BackpropToolsInterface.h; sourceTree = "<group>"; };
		DD9C8A3329ED9BEB00702A0C /* Accelerate.framework */ = {isa = PBXFileReference; lastKnownFileType = wrapper.framework; name = Accelerate.framework; path = Platforms/WatchOS.platform/Developer/SDKs/WatchOS9.1.sdk/System/Library/Frameworks/Accelerate.framework; sourceTree = DEVELOPER_DIR; };
/* End PBXFileReference section */

/* Begin PBXFrameworksBuildPhase section */
		DD4D02B329EC599A00FAE587 /* Frameworks */ = {
			isa = PBXFrameworksBuildPhase;
			buildActionMask = 2147483647;
			files = (
				DD4D02ED29EC630F00FAE587 /* Accelerate.framework in Frameworks */,
			);
			runOnlyForDeploymentPostprocessing = 0;
		};
		DD4D02C329EC599B00FAE587 /* Frameworks */ = {
			isa = PBXFrameworksBuildPhase;
			buildActionMask = 2147483647;
			files = (
			);
			runOnlyForDeploymentPostprocessing = 0;
		};
		DD4D02CD29EC599B00FAE587 /* Frameworks */ = {
			isa = PBXFrameworksBuildPhase;
			buildActionMask = 2147483647;
			files = (
			);
			runOnlyForDeploymentPostprocessing = 0;
		};
		DD9C89F929ED8F7B00702A0C /* Frameworks */ = {
			isa = PBXFrameworksBuildPhase;
			buildActionMask = 2147483647;
			files = (
				DD9C8A3429ED9BEB00702A0C /* Accelerate.framework in Frameworks */,
			);
			runOnlyForDeploymentPostprocessing = 0;
		};
		DD9C8A0B29ED8F7C00702A0C /* Frameworks */ = {
			isa = PBXFrameworksBuildPhase;
			buildActionMask = 2147483647;
			files = (
			);
			runOnlyForDeploymentPostprocessing = 0;
		};
		DD9C8A1529ED8F7C00702A0C /* Frameworks */ = {
			isa = PBXFrameworksBuildPhase;
			buildActionMask = 2147483647;
			files = (
			);
			runOnlyForDeploymentPostprocessing = 0;
		};
/* End PBXFrameworksBuildPhase section */

/* Begin PBXGroup section */
		DD4D02AD29EC599A00FAE587 = {
			isa = PBXGroup;
			children = (
				DD4D02B829EC599A00FAE587 /* Benchmark */,
				DD4D02C929EC599B00FAE587 /* BenchmarkTests */,
				DD4D02D329EC599B00FAE587 /* BenchmarkUITests */,
				DD9C8A0029ED8F7B00702A0C /* benchmark-watch Watch App */,
				DD9C8A1129ED8F7C00702A0C /* benchmark-watch Watch AppTests */,
				DD9C8A1B29ED8F7C00702A0C /* benchmark-watch Watch AppUITests */,
				DD4D02B729EC599A00FAE587 /* Products */,
				DD4D02EB29EC630F00FAE587 /* Frameworks */,
			);
			sourceTree = "<group>";
		};
		DD4D02B729EC599A00FAE587 /* Products */ = {
			isa = PBXGroup;
			children = (
				DD4D02B629EC599A00FAE587 /* Benchmark.app */,
				DD4D02C629EC599B00FAE587 /* BenchmarkTests.xctest */,
				DD4D02D029EC599B00FAE587 /* BenchmarkUITests.xctest */,
				DD9C89F729ED8F7B00702A0C /* benchmark-watch.app */,
				DD9C89FC29ED8F7B00702A0C /* benchmark-watch Watch App.app */,
				DD9C8A0E29ED8F7C00702A0C /* benchmark-watch Watch AppTests.xctest */,
				DD9C8A1829ED8F7C00702A0C /* benchmark-watch Watch AppUITests.xctest */,
			);
			name = Products;
			sourceTree = "<group>";
		};
		DD4D02B829EC599A00FAE587 /* Benchmark */ = {
			isa = PBXGroup;
			children = (
				DD4D02E729EC5C1F00FAE587 /* BackpropToolsInterface.mm */,
				DD4D02BB29EC599A00FAE587 /* ContentView.swift */,
				DD4D02BD29EC599B00FAE587 /* Assets.xcassets */,
				DD4D02BF29EC599B00FAE587 /* Preview Content */,
				DD4D02E429EC5A5300FAE587 /* BackpropToolsInterface.h */,
				DD4D02B929EC599A00FAE587 /* BenchmarkApp.swift */,
				DD4D02E329EC5A5300FAE587 /* Benchmark-Bridging-Header.h */,
				DD4D02E929EC600400FAE587 /* Benchmark.swift */,
			);
			path = Benchmark;
			sourceTree = "<group>";
		};
		DD4D02BF29EC599B00FAE587 /* Preview Content */ = {
			isa = PBXGroup;
			children = (
				DD4D02C029EC599B00FAE587 /* Preview Assets.xcassets */,
			);
			path = "Preview Content";
			sourceTree = "<group>";
		};
		DD4D02C929EC599B00FAE587 /* BenchmarkTests */ = {
			isa = PBXGroup;
			children = (
				DD4D02CA29EC599B00FAE587 /* BenchmarkTests.swift */,
			);
			path = BenchmarkTests;
			sourceTree = "<group>";
		};
		DD4D02D329EC599B00FAE587 /* BenchmarkUITests */ = {
			isa = PBXGroup;
			children = (
				DD4D02D429EC599B00FAE587 /* BenchmarkUITests.swift */,
				DD4D02D629EC599B00FAE587 /* BenchmarkUITestsLaunchTests.swift */,
			);
			path = BenchmarkUITests;
			sourceTree = "<group>";
		};
		DD4D02EB29EC630F00FAE587 /* Frameworks */ = {
			isa = PBXGroup;
			children = (
				DD9C8A3329ED9BEB00702A0C /* Accelerate.framework */,
				DD4D02EC29EC630F00FAE587 /* Accelerate.framework */,
			);
			name = Frameworks;
			sourceTree = "<group>";
		};
		DD9C8A0029ED8F7B00702A0C /* benchmark-watch Watch App */ = {
			isa = PBXGroup;
			children = (
				DD9C8A3029ED9B2500702A0C /* BackpropToolsInterface.h */,
				DD9C8A2E29ED9B2500702A0C /* BackpropToolsInterface.mm */,
				DD9C8A2D29ED9B2500702A0C /* Benchmark-Bridging-Header.h */,
				DD9C8A2F29ED9B2500702A0C /* Benchmark.swift */,
				DD9C8A0129ED8F7B00702A0C /* benchmark_watchApp.swift */,
				DD9C8A0329ED8F7B00702A0C /* ContentView.swift */,
				DD9C8A0529ED8F7C00702A0C /* Assets.xcassets */,
				DD9C8A0729ED8F7C00702A0C /* Preview Content */,
			);
			path = "benchmark-watch Watch App";
			sourceTree = "<group>";
		};
		DD9C8A0729ED8F7C00702A0C /* Preview Content */ = {
			isa = PBXGroup;
			children = (
				DD9C8A0829ED8F7C00702A0C /* Preview Assets.xcassets */,
			);
			path = "Preview Content";
			sourceTree = "<group>";
		};
		DD9C8A1129ED8F7C00702A0C /* benchmark-watch Watch AppTests */ = {
			isa = PBXGroup;
			children = (
				DD9C8A1229ED8F7C00702A0C /* benchmark_watch_Watch_AppTests.swift */,
			);
			path = "benchmark-watch Watch AppTests";
			sourceTree = "<group>";
		};
		DD9C8A1B29ED8F7C00702A0C /* benchmark-watch Watch AppUITests */ = {
			isa = PBXGroup;
			children = (
				DD9C8A1C29ED8F7C00702A0C /* benchmark_watch_Watch_AppUITests.swift */,
				DD9C8A1E29ED8F7C00702A0C /* benchmark_watch_Watch_AppUITestsLaunchTests.swift */,
			);
			path = "benchmark-watch Watch AppUITests";
			sourceTree = "<group>";
		};
/* End PBXGroup section */

/* Begin PBXNativeTarget section */
		DD4D02B529EC599A00FAE587 /* Benchmark */ = {
			isa = PBXNativeTarget;
			buildConfigurationList = DD4D02DA29EC599B00FAE587 /* Build configuration list for PBXNativeTarget "Benchmark" */;
			buildPhases = (
				DD4D02B229EC599A00FAE587 /* Sources */,
				DD4D02B329EC599A00FAE587 /* Frameworks */,
				DD4D02B429EC599A00FAE587 /* Resources */,
			);
			buildRules = (
			);
			dependencies = (
			);
			name = Benchmark;
			productName = Benchmark;
			productReference = DD4D02B629EC599A00FAE587 /* Benchmark.app */;
			productType = "com.apple.product-type.application";
		};
		DD4D02C529EC599B00FAE587 /* BenchmarkTests */ = {
			isa = PBXNativeTarget;
			buildConfigurationList = DD4D02DD29EC599B00FAE587 /* Build configuration list for PBXNativeTarget "BenchmarkTests" */;
			buildPhases = (
				DD4D02C229EC599B00FAE587 /* Sources */,
				DD4D02C329EC599B00FAE587 /* Frameworks */,
				DD4D02C429EC599B00FAE587 /* Resources */,
			);
			buildRules = (
			);
			dependencies = (
				DD4D02C829EC599B00FAE587 /* PBXTargetDependency */,
			);
			name = BenchmarkTests;
			productName = BenchmarkTests;
			productReference = DD4D02C629EC599B00FAE587 /* BenchmarkTests.xctest */;
			productType = "com.apple.product-type.bundle.unit-test";
		};
		DD4D02CF29EC599B00FAE587 /* BenchmarkUITests */ = {
			isa = PBXNativeTarget;
			buildConfigurationList = DD4D02E029EC599B00FAE587 /* Build configuration list for PBXNativeTarget "BenchmarkUITests" */;
			buildPhases = (
				DD4D02CC29EC599B00FAE587 /* Sources */,
				DD4D02CD29EC599B00FAE587 /* Frameworks */,
				DD4D02CE29EC599B00FAE587 /* Resources */,
			);
			buildRules = (
			);
			dependencies = (
				DD4D02D229EC599B00FAE587 /* PBXTargetDependency */,
			);
			name = BenchmarkUITests;
			productName = BenchmarkUITests;
			productReference = DD4D02D029EC599B00FAE587 /* BenchmarkUITests.xctest */;
			productType = "com.apple.product-type.bundle.ui-testing";
		};
		DD9C89F629ED8F7B00702A0C /* benchmark-watch */ = {
			isa = PBXNativeTarget;
			buildConfigurationList = DD9C8A2A29ED8F7C00702A0C /* Build configuration list for PBXNativeTarget "benchmark-watch" */;
			buildPhases = (
				DD9C89F529ED8F7B00702A0C /* Resources */,
				DD9C8A2229ED8F7C00702A0C /* Embed Watch Content */,
			);
			buildRules = (
			);
			dependencies = (
				DD9C89FF29ED8F7B00702A0C /* PBXTargetDependency */,
			);
			name = "benchmark-watch";
			productName = "benchmark-watch";
			productReference = DD9C89F729ED8F7B00702A0C /* benchmark-watch.app */;
			productType = "com.apple.product-type.application.watchapp2-container";
		};
		DD9C89FB29ED8F7B00702A0C /* benchmark-watch Watch App */ = {
			isa = PBXNativeTarget;
			buildConfigurationList = DD9C8A2929ED8F7C00702A0C /* Build configuration list for PBXNativeTarget "benchmark-watch Watch App" */;
			buildPhases = (
				DD9C89F829ED8F7B00702A0C /* Sources */,
				DD9C89F929ED8F7B00702A0C /* Frameworks */,
				DD9C89FA29ED8F7B00702A0C /* Resources */,
			);
			buildRules = (
			);
			dependencies = (
			);
			name = "benchmark-watch Watch App";
			productName = "benchmark-watch Watch App";
			productReference = DD9C89FC29ED8F7B00702A0C /* benchmark-watch Watch App.app */;
			productType = "com.apple.product-type.application";
		};
		DD9C8A0D29ED8F7C00702A0C /* benchmark-watch Watch AppTests */ = {
			isa = PBXNativeTarget;
			buildConfigurationList = DD9C8A2B29ED8F7C00702A0C /* Build configuration list for PBXNativeTarget "benchmark-watch Watch AppTests" */;
			buildPhases = (
				DD9C8A0A29ED8F7C00702A0C /* Sources */,
				DD9C8A0B29ED8F7C00702A0C /* Frameworks */,
				DD9C8A0C29ED8F7C00702A0C /* Resources */,
			);
			buildRules = (
			);
			dependencies = (
				DD9C8A1029ED8F7C00702A0C /* PBXTargetDependency */,
			);
			name = "benchmark-watch Watch AppTests";
			productName = "benchmark-watch Watch AppTests";
			productReference = DD9C8A0E29ED8F7C00702A0C /* benchmark-watch Watch AppTests.xctest */;
			productType = "com.apple.product-type.bundle.unit-test";
		};
		DD9C8A1729ED8F7C00702A0C /* benchmark-watch Watch AppUITests */ = {
			isa = PBXNativeTarget;
			buildConfigurationList = DD9C8A2C29ED8F7C00702A0C /* Build configuration list for PBXNativeTarget "benchmark-watch Watch AppUITests" */;
			buildPhases = (
				DD9C8A1429ED8F7C00702A0C /* Sources */,
				DD9C8A1529ED8F7C00702A0C /* Frameworks */,
				DD9C8A1629ED8F7C00702A0C /* Resources */,
			);
			buildRules = (
			);
			dependencies = (
				DD9C8A1A29ED8F7C00702A0C /* PBXTargetDependency */,
			);
			name = "benchmark-watch Watch AppUITests";
			productName = "benchmark-watch Watch AppUITests";
			productReference = DD9C8A1829ED8F7C00702A0C /* benchmark-watch Watch AppUITests.xctest */;
			productType = "com.apple.product-type.bundle.ui-testing";
		};
/* End PBXNativeTarget section */

/* Begin PBXProject section */
		DD4D02AE29EC599A00FAE587 /* Project object */ = {
			isa = PBXProject;
			attributes = {
				BuildIndependentTargetsInParallel = 1;
				LastSwiftUpdateCheck = 1420;
				LastUpgradeCheck = 1420;
				TargetAttributes = {
					DD4D02B529EC599A00FAE587 = {
						CreatedOnToolsVersion = 14.2;
						LastSwiftMigration = 1420;
					};
					DD4D02C529EC599B00FAE587 = {
						CreatedOnToolsVersion = 14.2;
						TestTargetID = DD4D02B529EC599A00FAE587;
					};
					DD4D02CF29EC599B00FAE587 = {
						CreatedOnToolsVersion = 14.2;
						TestTargetID = DD4D02B529EC599A00FAE587;
					};
					DD9C89F629ED8F7B00702A0C = {
						CreatedOnToolsVersion = 14.2;
					};
					DD9C89FB29ED8F7B00702A0C = {
						CreatedOnToolsVersion = 14.2;
						LastSwiftMigration = 1420;
					};
					DD9C8A0D29ED8F7C00702A0C = {
						CreatedOnToolsVersion = 14.2;
						TestTargetID = DD9C89FB29ED8F7B00702A0C;
					};
					DD9C8A1729ED8F7C00702A0C = {
						CreatedOnToolsVersion = 14.2;
						TestTargetID = DD9C89FB29ED8F7B00702A0C;
					};
				};
			};
			buildConfigurationList = DD4D02B129EC599A00FAE587 /* Build configuration list for PBXProject "Benchmark" */;
			compatibilityVersion = "Xcode 14.0";
			developmentRegion = en;
			hasScannedForEncodings = 0;
			knownRegions = (
				en,
				Base,
			);
			mainGroup = DD4D02AD29EC599A00FAE587;
			productRefGroup = DD4D02B729EC599A00FAE587 /* Products */;
			projectDirPath = "";
			projectRoot = "";
			targets = (
				DD4D02B529EC599A00FAE587 /* Benchmark */,
				DD4D02C529EC599B00FAE587 /* BenchmarkTests */,
				DD4D02CF29EC599B00FAE587 /* BenchmarkUITests */,
				DD9C89F629ED8F7B00702A0C /* benchmark-watch */,
				DD9C89FB29ED8F7B00702A0C /* benchmark-watch Watch App */,
				DD9C8A0D29ED8F7C00702A0C /* benchmark-watch Watch AppTests */,
				DD9C8A1729ED8F7C00702A0C /* benchmark-watch Watch AppUITests */,
			);
		};
/* End PBXProject section */

/* Begin PBXResourcesBuildPhase section */
		DD4D02B429EC599A00FAE587 /* Resources */ = {
			isa = PBXResourcesBuildPhase;
			buildActionMask = 2147483647;
			files = (
				DD4D02C129EC599B00FAE587 /* Preview Assets.xcassets in Resources */,
				DD4D02BE29EC599B00FAE587 /* Assets.xcassets in Resources */,
			);
			runOnlyForDeploymentPostprocessing = 0;
		};
		DD4D02C429EC599B00FAE587 /* Resources */ = {
			isa = PBXResourcesBuildPhase;
			buildActionMask = 2147483647;
			files = (
			);
			runOnlyForDeploymentPostprocessing = 0;
		};
		DD4D02CE29EC599B00FAE587 /* Resources */ = {
			isa = PBXResourcesBuildPhase;
			buildActionMask = 2147483647;
			files = (
			);
			runOnlyForDeploymentPostprocessing = 0;
		};
		DD9C89F529ED8F7B00702A0C /* Resources */ = {
			isa = PBXResourcesBuildPhase;
			buildActionMask = 2147483647;
			files = (
			);
			runOnlyForDeploymentPostprocessing = 0;
		};
		DD9C89FA29ED8F7B00702A0C /* Resources */ = {
			isa = PBXResourcesBuildPhase;
			buildActionMask = 2147483647;
			files = (
				DD9C8A0929ED8F7C00702A0C /* Preview Assets.xcassets in Resources */,
				DD9C8A0629ED8F7C00702A0C /* Assets.xcassets in Resources */,
			);
			runOnlyForDeploymentPostprocessing = 0;
		};
		DD9C8A0C29ED8F7C00702A0C /* Resources */ = {
			isa = PBXResourcesBuildPhase;
			buildActionMask = 2147483647;
			files = (
			);
			runOnlyForDeploymentPostprocessing = 0;
		};
		DD9C8A1629ED8F7C00702A0C /* Resources */ = {
			isa = PBXResourcesBuildPhase;
			buildActionMask = 2147483647;
			files = (
			);
			runOnlyForDeploymentPostprocessing = 0;
		};
/* End PBXResourcesBuildPhase section */

/* Begin PBXSourcesBuildPhase section */
		DD4D02B229EC599A00FAE587 /* Sources */ = {
			isa = PBXSourcesBuildPhase;
			buildActionMask = 2147483647;
			files = (
				DD4D02E829EC5C1F00FAE587 /* BackpropToolsInterface.mm in Sources */,
				DD4D02EA29EC600400FAE587 /* Benchmark.swift in Sources */,
				DD4D02BC29EC599A00FAE587 /* ContentView.swift in Sources */,
				DD4D02BA29EC599A00FAE587 /* BenchmarkApp.swift in Sources */,
			);
			runOnlyForDeploymentPostprocessing = 0;
		};
		DD4D02C229EC599B00FAE587 /* Sources */ = {
			isa = PBXSourcesBuildPhase;
			buildActionMask = 2147483647;
			files = (
				DD4D02CB29EC599B00FAE587 /* BenchmarkTests.swift in Sources */,
			);
			runOnlyForDeploymentPostprocessing = 0;
		};
		DD4D02CC29EC599B00FAE587 /* Sources */ = {
			isa = PBXSourcesBuildPhase;
			buildActionMask = 2147483647;
			files = (
				DD4D02D729EC599B00FAE587 /* BenchmarkUITestsLaunchTests.swift in Sources */,
				DD4D02D529EC599B00FAE587 /* BenchmarkUITests.swift in Sources */,
			);
			runOnlyForDeploymentPostprocessing = 0;
		};
		DD9C89F829ED8F7B00702A0C /* Sources */ = {
			isa = PBXSourcesBuildPhase;
			buildActionMask = 2147483647;
			files = (
				DD9C8A3129ED9B2500702A0C /* BackpropToolsInterface.mm in Sources */,
				DD9C8A3229ED9B2500702A0C /* Benchmark.swift in Sources */,
				DD9C8A0429ED8F7B00702A0C /* ContentView.swift in Sources */,
				DD9C8A0229ED8F7B00702A0C /* benchmark_watchApp.swift in Sources */,
			);
			runOnlyForDeploymentPostprocessing = 0;
		};
		DD9C8A0A29ED8F7C00702A0C /* Sources */ = {
			isa = PBXSourcesBuildPhase;
			buildActionMask = 2147483647;
			files = (
				DD9C8A1329ED8F7C00702A0C /* benchmark_watch_Watch_AppTests.swift in Sources */,
			);
			runOnlyForDeploymentPostprocessing = 0;
		};
		DD9C8A1429ED8F7C00702A0C /* Sources */ = {
			isa = PBXSourcesBuildPhase;
			buildActionMask = 2147483647;
			files = (
				DD9C8A1F29ED8F7C00702A0C /* benchmark_watch_Watch_AppUITestsLaunchTests.swift in Sources */,
				DD9C8A1D29ED8F7C00702A0C /* benchmark_watch_Watch_AppUITests.swift in Sources */,
			);
			runOnlyForDeploymentPostprocessing = 0;
		};
/* End PBXSourcesBuildPhase section */

/* Begin PBXTargetDependency section */
		DD4D02C829EC599B00FAE587 /* PBXTargetDependency */ = {
			isa = PBXTargetDependency;
			target = DD4D02B529EC599A00FAE587 /* Benchmark */;
			targetProxy = DD4D02C729EC599B00FAE587 /* PBXContainerItemProxy */;
		};
		DD4D02D229EC599B00FAE587 /* PBXTargetDependency */ = {
			isa = PBXTargetDependency;
			target = DD4D02B529EC599A00FAE587 /* Benchmark */;
			targetProxy = DD4D02D129EC599B00FAE587 /* PBXContainerItemProxy */;
		};
		DD9C89FF29ED8F7B00702A0C /* PBXTargetDependency */ = {
			isa = PBXTargetDependency;
			target = DD9C89FB29ED8F7B00702A0C /* benchmark-watch Watch App */;
			targetProxy = DD9C89FE29ED8F7B00702A0C /* PBXContainerItemProxy */;
		};
		DD9C8A1029ED8F7C00702A0C /* PBXTargetDependency */ = {
			isa = PBXTargetDependency;
			target = DD9C89FB29ED8F7B00702A0C /* benchmark-watch Watch App */;
			targetProxy = DD9C8A0F29ED8F7C00702A0C /* PBXContainerItemProxy */;
		};
		DD9C8A1A29ED8F7C00702A0C /* PBXTargetDependency */ = {
			isa = PBXTargetDependency;
			target = DD9C89FB29ED8F7B00702A0C /* benchmark-watch Watch App */;
			targetProxy = DD9C8A1929ED8F7C00702A0C /* PBXContainerItemProxy */;
		};
/* End PBXTargetDependency section */

/* Begin XCBuildConfiguration section */
		DD4D02D829EC599B00FAE587 /* Debug */ = {
			isa = XCBuildConfiguration;
			buildSettings = {
				ALWAYS_SEARCH_USER_PATHS = NO;
				CLANG_ANALYZER_NONNULL = YES;
				CLANG_ANALYZER_NUMBER_OBJECT_CONVERSION = YES_AGGRESSIVE;
				CLANG_CXX_LANGUAGE_STANDARD = "gnu++20";
				CLANG_ENABLE_MODULES = YES;
				CLANG_ENABLE_OBJC_ARC = YES;
				CLANG_ENABLE_OBJC_WEAK = YES;
				CLANG_WARN_BLOCK_CAPTURE_AUTORELEASING = YES;
				CLANG_WARN_BOOL_CONVERSION = YES;
				CLANG_WARN_COMMA = YES;
				CLANG_WARN_CONSTANT_CONVERSION = YES;
				CLANG_WARN_DEPRECATED_OBJC_IMPLEMENTATIONS = YES;
				CLANG_WARN_DIRECT_OBJC_ISA_USAGE = YES_ERROR;
				CLANG_WARN_DOCUMENTATION_COMMENTS = YES;
				CLANG_WARN_EMPTY_BODY = YES;
				CLANG_WARN_ENUM_CONVERSION = YES;
				CLANG_WARN_INFINITE_RECURSION = YES;
				CLANG_WARN_INT_CONVERSION = YES;
				CLANG_WARN_NON_LITERAL_NULL_CONVERSION = YES;
				CLANG_WARN_OBJC_IMPLICIT_RETAIN_SELF = YES;
				CLANG_WARN_OBJC_LITERAL_CONVERSION = YES;
				CLANG_WARN_OBJC_ROOT_CLASS = YES_ERROR;
				CLANG_WARN_QUOTED_INCLUDE_IN_FRAMEWORK_HEADER = YES;
				CLANG_WARN_RANGE_LOOP_ANALYSIS = YES;
				CLANG_WARN_STRICT_PROTOTYPES = YES;
				CLANG_WARN_SUSPICIOUS_MOVE = YES;
				CLANG_WARN_UNGUARDED_AVAILABILITY = YES_AGGRESSIVE;
				CLANG_WARN_UNREACHABLE_CODE = YES;
				CLANG_WARN__DUPLICATE_METHOD_MATCH = YES;
				COPY_PHASE_STRIP = NO;
				DEBUG_INFORMATION_FORMAT = dwarf;
				ENABLE_STRICT_OBJC_MSGSEND = YES;
				ENABLE_TESTABILITY = YES;
				GCC_C_LANGUAGE_STANDARD = gnu11;
				GCC_DYNAMIC_NO_PIC = NO;
				GCC_NO_COMMON_BLOCKS = YES;
				GCC_OPTIMIZATION_LEVEL = 0;
				GCC_PREPROCESSOR_DEFINITIONS = (
					"DEBUG=1",
					"$(inherited)",
				);
				GCC_WARN_64_TO_32_BIT_CONVERSION = YES;
				GCC_WARN_ABOUT_RETURN_TYPE = YES_ERROR;
				GCC_WARN_UNDECLARED_SELECTOR = YES;
				GCC_WARN_UNINITIALIZED_AUTOS = YES_AGGRESSIVE;
				GCC_WARN_UNUSED_FUNCTION = YES;
				GCC_WARN_UNUSED_VARIABLE = YES;
				HEADER_SEARCH_PATHS = "/Users/jonas/phd/projects/layer-in-c/include";
				IPHONEOS_DEPLOYMENT_TARGET = 16.2;
				MTL_ENABLE_DEBUG_INFO = INCLUDE_SOURCE;
				MTL_FAST_MATH = YES;
				ONLY_ACTIVE_ARCH = YES;
				SDKROOT = iphoneos;
				SWIFT_ACTIVE_COMPILATION_CONDITIONS = DEBUG;
				SWIFT_OPTIMIZATION_LEVEL = "-Onone";
			};
			name = Debug;
		};
		DD4D02D929EC599B00FAE587 /* Release */ = {
			isa = XCBuildConfiguration;
			buildSettings = {
				ALWAYS_SEARCH_USER_PATHS = NO;
				CLANG_ANALYZER_NONNULL = YES;
				CLANG_ANALYZER_NUMBER_OBJECT_CONVERSION = YES_AGGRESSIVE;
				CLANG_CXX_LANGUAGE_STANDARD = "gnu++20";
				CLANG_ENABLE_MODULES = YES;
				CLANG_ENABLE_OBJC_ARC = YES;
				CLANG_ENABLE_OBJC_WEAK = YES;
				CLANG_WARN_BLOCK_CAPTURE_AUTORELEASING = YES;
				CLANG_WARN_BOOL_CONVERSION = YES;
				CLANG_WARN_COMMA = YES;
				CLANG_WARN_CONSTANT_CONVERSION = YES;
				CLANG_WARN_DEPRECATED_OBJC_IMPLEMENTATIONS = YES;
				CLANG_WARN_DIRECT_OBJC_ISA_USAGE = YES_ERROR;
				CLANG_WARN_DOCUMENTATION_COMMENTS = YES;
				CLANG_WARN_EMPTY_BODY = YES;
				CLANG_WARN_ENUM_CONVERSION = YES;
				CLANG_WARN_INFINITE_RECURSION = YES;
				CLANG_WARN_INT_CONVERSION = YES;
				CLANG_WARN_NON_LITERAL_NULL_CONVERSION = YES;
				CLANG_WARN_OBJC_IMPLICIT_RETAIN_SELF = YES;
				CLANG_WARN_OBJC_LITERAL_CONVERSION = YES;
				CLANG_WARN_OBJC_ROOT_CLASS = YES_ERROR;
				CLANG_WARN_QUOTED_INCLUDE_IN_FRAMEWORK_HEADER = YES;
				CLANG_WARN_RANGE_LOOP_ANALYSIS = YES;
				CLANG_WARN_STRICT_PROTOTYPES = YES;
				CLANG_WARN_SUSPICIOUS_MOVE = YES;
				CLANG_WARN_UNGUARDED_AVAILABILITY = YES_AGGRESSIVE;
				CLANG_WARN_UNREACHABLE_CODE = YES;
				CLANG_WARN__DUPLICATE_METHOD_MATCH = YES;
				COPY_PHASE_STRIP = NO;
				DEBUG_INFORMATION_FORMAT = "dwarf-with-dsym";
				ENABLE_NS_ASSERTIONS = NO;
				ENABLE_STRICT_OBJC_MSGSEND = YES;
				GCC_C_LANGUAGE_STANDARD = gnu11;
				GCC_NO_COMMON_BLOCKS = YES;
				GCC_WARN_64_TO_32_BIT_CONVERSION = YES;
				GCC_WARN_ABOUT_RETURN_TYPE = YES_ERROR;
				GCC_WARN_UNDECLARED_SELECTOR = YES;
				GCC_WARN_UNINITIALIZED_AUTOS = YES_AGGRESSIVE;
				GCC_WARN_UNUSED_FUNCTION = YES;
				GCC_WARN_UNUSED_VARIABLE = YES;
				HEADER_SEARCH_PATHS = "/Users/jonas/phd/projects/layer-in-c/include";
				IPHONEOS_DEPLOYMENT_TARGET = 16.2;
				MTL_ENABLE_DEBUG_INFO = NO;
				MTL_FAST_MATH = YES;
				SDKROOT = iphoneos;
				SWIFT_COMPILATION_MODE = wholemodule;
				SWIFT_OPTIMIZATION_LEVEL = "-O";
				VALIDATE_PRODUCT = YES;
			};
			name = Release;
		};
		DD4D02DB29EC599B00FAE587 /* Debug */ = {
			isa = XCBuildConfiguration;
			buildSettings = {
				ASSETCATALOG_COMPILER_APPICON_NAME = AppIcon;
				ASSETCATALOG_COMPILER_GLOBAL_ACCENT_COLOR_NAME = AccentColor;
				CLANG_ENABLE_MODULES = YES;
				CODE_SIGN_STYLE = Automatic;
				CURRENT_PROJECT_VERSION = 1;
				DEVELOPMENT_ASSET_PATHS = "\"Benchmark/Preview Content\"";
				DEVELOPMENT_TEAM = R787T8T58T;
				ENABLE_PREVIEWS = YES;
				GENERATE_INFOPLIST_FILE = YES;
				INFOPLIST_KEY_UIApplicationSceneManifest_Generation = YES;
				INFOPLIST_KEY_UIApplicationSupportsIndirectInputEvents = YES;
				INFOPLIST_KEY_UILaunchScreen_Generation = YES;
				INFOPLIST_KEY_UISupportedInterfaceOrientations_iPad = "UIInterfaceOrientationPortrait UIInterfaceOrientationPortraitUpsideDown UIInterfaceOrientationLandscapeLeft UIInterfaceOrientationLandscapeRight";
				INFOPLIST_KEY_UISupportedInterfaceOrientations_iPhone = "UIInterfaceOrientationPortrait UIInterfaceOrientationLandscapeLeft UIInterfaceOrientationLandscapeRight";
				LD_RUNPATH_SEARCH_PATHS = (
					"$(inherited)",
					"@executable_path/Frameworks",
				);
				MARKETING_VERSION = 1.0;
				PRODUCT_BUNDLE_IDENTIFIER = tools.backprop.Benchmark;
				PRODUCT_NAME = "$(TARGET_NAME)";
				SWIFT_EMIT_LOC_STRINGS = YES;
				SWIFT_OBJC_BRIDGING_HEADER = "Benchmark/Benchmark-Bridging-Header.h";
				SWIFT_OPTIMIZATION_LEVEL = "-Onone";
				SWIFT_VERSION = 5.0;
				TARGETED_DEVICE_FAMILY = "1,2";
			};
			name = Debug;
		};
		DD4D02DC29EC599B00FAE587 /* Release */ = {
			isa = XCBuildConfiguration;
			buildSettings = {
				ASSETCATALOG_COMPILER_APPICON_NAME = AppIcon;
				ASSETCATALOG_COMPILER_GLOBAL_ACCENT_COLOR_NAME = AccentColor;
				CLANG_ENABLE_MODULES = YES;
				CODE_SIGN_STYLE = Automatic;
				CURRENT_PROJECT_VERSION = 1;
				DEVELOPMENT_ASSET_PATHS = "\"Benchmark/Preview Content\"";
				DEVELOPMENT_TEAM = R787T8T58T;
				ENABLE_PREVIEWS = YES;
				GENERATE_INFOPLIST_FILE = YES;
				INFOPLIST_KEY_UIApplicationSceneManifest_Generation = YES;
				INFOPLIST_KEY_UIApplicationSupportsIndirectInputEvents = YES;
				INFOPLIST_KEY_UILaunchScreen_Generation = YES;
				INFOPLIST_KEY_UISupportedInterfaceOrientations_iPad = "UIInterfaceOrientationPortrait UIInterfaceOrientationPortraitUpsideDown UIInterfaceOrientationLandscapeLeft UIInterfaceOrientationLandscapeRight";
				INFOPLIST_KEY_UISupportedInterfaceOrientations_iPhone = "UIInterfaceOrientationPortrait UIInterfaceOrientationLandscapeLeft UIInterfaceOrientationLandscapeRight";
				LD_RUNPATH_SEARCH_PATHS = (
					"$(inherited)",
					"@executable_path/Frameworks",
				);
				MARKETING_VERSION = 1.0;
				PRODUCT_BUNDLE_IDENTIFIER = tools.backprop.Benchmark;
				PRODUCT_NAME = "$(TARGET_NAME)";
				SWIFT_EMIT_LOC_STRINGS = YES;
				SWIFT_OBJC_BRIDGING_HEADER = "Benchmark/Benchmark-Bridging-Header.h";
				SWIFT_VERSION = 5.0;
				TARGETED_DEVICE_FAMILY = "1,2";
			};
			name = Release;
		};
		DD4D02DE29EC599B00FAE587 /* Debug */ = {
			isa = XCBuildConfiguration;
			buildSettings = {
				ALWAYS_EMBED_SWIFT_STANDARD_LIBRARIES = YES;
				BUNDLE_LOADER = "$(TEST_HOST)";
				CODE_SIGN_STYLE = Automatic;
				CURRENT_PROJECT_VERSION = 1;
				GENERATE_INFOPLIST_FILE = YES;
				IPHONEOS_DEPLOYMENT_TARGET = 16.2;
				MARKETING_VERSION = 1.0;
				PRODUCT_BUNDLE_IDENTIFIER = tools.backprop.BenchmarkTests;
				PRODUCT_NAME = "$(TARGET_NAME)";
				SWIFT_EMIT_LOC_STRINGS = NO;
				SWIFT_VERSION = 5.0;
				TARGETED_DEVICE_FAMILY = "1,2";
				TEST_HOST = "$(BUILT_PRODUCTS_DIR)/Benchmark.app/$(BUNDLE_EXECUTABLE_FOLDER_PATH)/Benchmark";
			};
			name = Debug;
		};
		DD4D02DF29EC599B00FAE587 /* Release */ = {
			isa = XCBuildConfiguration;
			buildSettings = {
				ALWAYS_EMBED_SWIFT_STANDARD_LIBRARIES = YES;
				BUNDLE_LOADER = "$(TEST_HOST)";
				CODE_SIGN_STYLE = Automatic;
				CURRENT_PROJECT_VERSION = 1;
				GENERATE_INFOPLIST_FILE = YES;
				IPHONEOS_DEPLOYMENT_TARGET = 16.2;
				MARKETING_VERSION = 1.0;
				PRODUCT_BUNDLE_IDENTIFIER = tools.backprop.BenchmarkTests;
				PRODUCT_NAME = "$(TARGET_NAME)";
				SWIFT_EMIT_LOC_STRINGS = NO;
				SWIFT_VERSION = 5.0;
				TARGETED_DEVICE_FAMILY = "1,2";
				TEST_HOST = "$(BUILT_PRODUCTS_DIR)/Benchmark.app/$(BUNDLE_EXECUTABLE_FOLDER_PATH)/Benchmark";
			};
			name = Release;
		};
		DD4D02E129EC599B00FAE587 /* Debug */ = {
			isa = XCBuildConfiguration;
			buildSettings = {
				ALWAYS_EMBED_SWIFT_STANDARD_LIBRARIES = YES;
				CODE_SIGN_STYLE = Automatic;
				CURRENT_PROJECT_VERSION = 1;
				GENERATE_INFOPLIST_FILE = YES;
				MARKETING_VERSION = 1.0;
				PRODUCT_BUNDLE_IDENTIFIER = tools.backprop.BenchmarkUITests;
				PRODUCT_NAME = "$(TARGET_NAME)";
				SWIFT_EMIT_LOC_STRINGS = NO;
				SWIFT_VERSION = 5.0;
				TARGETED_DEVICE_FAMILY = "1,2";
				TEST_TARGET_NAME = Benchmark;
			};
			name = Debug;
		};
		DD4D02E229EC599B00FAE587 /* Release */ = {
			isa = XCBuildConfiguration;
			buildSettings = {
				ALWAYS_EMBED_SWIFT_STANDARD_LIBRARIES = YES;
				CODE_SIGN_STYLE = Automatic;
				CURRENT_PROJECT_VERSION = 1;
				GENERATE_INFOPLIST_FILE = YES;
				MARKETING_VERSION = 1.0;
				PRODUCT_BUNDLE_IDENTIFIER = tools.backprop.BenchmarkUITests;
				PRODUCT_NAME = "$(TARGET_NAME)";
				SWIFT_EMIT_LOC_STRINGS = NO;
				SWIFT_VERSION = 5.0;
				TARGETED_DEVICE_FAMILY = "1,2";
				TEST_TARGET_NAME = Benchmark;
			};
			name = Release;
		};
		DD9C8A2029ED8F7C00702A0C /* Debug */ = {
			isa = XCBuildConfiguration;
			buildSettings = {
				ALWAYS_EMBED_SWIFT_STANDARD_LIBRARIES = YES;
				CODE_SIGN_STYLE = Automatic;
				CURRENT_PROJECT_VERSION = 1;
				DEVELOPMENT_TEAM = R787T8T58T;
				INFOPLIST_KEY_CFBundleDisplayName = "benchmark-watch";
				MARKETING_VERSION = 1.0;
				PRODUCT_BUNDLE_IDENTIFIER = "tools.backprop.benchmark-watch";
				PRODUCT_NAME = "$(TARGET_NAME)";
				SWIFT_VERSION = 5.0;
			};
			name = Debug;
		};
		DD9C8A2129ED8F7C00702A0C /* Release */ = {
			isa = XCBuildConfiguration;
			buildSettings = {
				ALWAYS_EMBED_SWIFT_STANDARD_LIBRARIES = YES;
				CODE_SIGN_STYLE = Automatic;
				CURRENT_PROJECT_VERSION = 1;
				DEVELOPMENT_TEAM = R787T8T58T;
				INFOPLIST_KEY_CFBundleDisplayName = "benchmark-watch";
				MARKETING_VERSION = 1.0;
				PRODUCT_BUNDLE_IDENTIFIER = "tools.backprop.benchmark-watch";
				PRODUCT_NAME = "$(TARGET_NAME)";
				SWIFT_VERSION = 5.0;
			};
			name = Release;
		};
		DD9C8A2329ED8F7C00702A0C /* Debug */ = {
			isa = XCBuildConfiguration;
			buildSettings = {
				ASSETCATALOG_COMPILER_APPICON_NAME = AppIcon;
				ASSETCATALOG_COMPILER_GLOBAL_ACCENT_COLOR_NAME = AccentColor;
				CLANG_ENABLE_MODULES = YES;
				CODE_SIGN_STYLE = Automatic;
				CURRENT_PROJECT_VERSION = 1;
				DEVELOPMENT_ASSET_PATHS = "\"benchmark-watch Watch App/Preview Content\"";
				DEVELOPMENT_TEAM = R787T8T58T;
				ENABLE_PREVIEWS = YES;
				GENERATE_INFOPLIST_FILE = YES;
				INFOPLIST_KEY_CFBundleDisplayName = "benchmark-watch";
				INFOPLIST_KEY_UISupportedInterfaceOrientations = "UIInterfaceOrientationPortrait UIInterfaceOrientationPortraitUpsideDown";
				INFOPLIST_KEY_WKWatchOnly = YES;
				LD_RUNPATH_SEARCH_PATHS = (
					"$(inherited)",
					"@executable_path/Frameworks",
				);
				MARKETING_VERSION = 1.0;
				PRODUCT_BUNDLE_IDENTIFIER = "tools.backprop.benchmark-watch.watchkitapp";
				PRODUCT_NAME = "$(TARGET_NAME)";
				SDKROOT = watchos;
				SKIP_INSTALL = YES;
				SWIFT_EMIT_LOC_STRINGS = YES;
				SWIFT_OBJC_BRIDGING_HEADER = "benchmark-watch Watch App/Benchmark-Bridging-Header.h";
				SWIFT_OPTIMIZATION_LEVEL = "-Onone";
				SWIFT_VERSION = 5.0;
				TARGETED_DEVICE_FAMILY = 4;
				WATCHOS_DEPLOYMENT_TARGET = 8.7;
			};
			name = Debug;
		};
		DD9C8A2429ED8F7C00702A0C /* Release */ = {
			isa = XCBuildConfiguration;
			buildSettings = {
				ASSETCATALOG_COMPILER_APPICON_NAME = AppIcon;
				ASSETCATALOG_COMPILER_GLOBAL_ACCENT_COLOR_NAME = AccentColor;
				CLANG_ENABLE_MODULES = YES;
				CODE_SIGN_STYLE = Automatic;
				CURRENT_PROJECT_VERSION = 1;
				DEVELOPMENT_ASSET_PATHS = "\"benchmark-watch Watch App/Preview Content\"";
				DEVELOPMENT_TEAM = R787T8T58T;
				ENABLE_PREVIEWS = YES;
				GENERATE_INFOPLIST_FILE = YES;
				INFOPLIST_KEY_CFBundleDisplayName = "benchmark-watch";
				INFOPLIST_KEY_UISupportedInterfaceOrientations = "UIInterfaceOrientationPortrait UIInterfaceOrientationPortraitUpsideDown";
				INFOPLIST_KEY_WKWatchOnly = YES;
				LD_RUNPATH_SEARCH_PATHS = (
					"$(inherited)",
					"@executable_path/Frameworks",
				);
				MARKETING_VERSION = 1.0;
				PRODUCT_BUNDLE_IDENTIFIER = "tools.backprop.benchmark-watch.watchkitapp";
				PRODUCT_NAME = "$(TARGET_NAME)";
				SDKROOT = watchos;
				SKIP_INSTALL = YES;
				SWIFT_EMIT_LOC_STRINGS = YES;
				SWIFT_OBJC_BRIDGING_HEADER = "benchmark-watch Watch App/Benchmark-Bridging-Header.h";
				SWIFT_VERSION = 5.0;
				TARGETED_DEVICE_FAMILY = 4;
				WATCHOS_DEPLOYMENT_TARGET = 8.7;
			};
			name = Release;
		};
		DD9C8A2529ED8F7C00702A0C /* Debug */ = {
			isa = XCBuildConfiguration;
			buildSettings = {
				ALWAYS_EMBED_SWIFT_STANDARD_LIBRARIES = YES;
				BUNDLE_LOADER = "$(TEST_HOST)";
				CODE_SIGN_STYLE = Automatic;
				CURRENT_PROJECT_VERSION = 1;
				DEVELOPMENT_TEAM = R787T8T58T;
				GENERATE_INFOPLIST_FILE = YES;
				MARKETING_VERSION = 1.0;
				PRODUCT_BUNDLE_IDENTIFIER = "tools.backprop.benchmark-watch-Watch-AppTests";
				PRODUCT_NAME = "$(TARGET_NAME)";
				SDKROOT = watchos;
				SWIFT_EMIT_LOC_STRINGS = NO;
				SWIFT_VERSION = 5.0;
				TARGETED_DEVICE_FAMILY = 4;
				TEST_HOST = "$(BUILT_PRODUCTS_DIR)/benchmark-watch Watch App.app/$(BUNDLE_EXECUTABLE_FOLDER_PATH)/benchmark-watch Watch App";
				WATCHOS_DEPLOYMENT_TARGET = 9.1;
			};
			name = Debug;
		};
		DD9C8A2629ED8F7C00702A0C /* Release */ = {
			isa = XCBuildConfiguration;
			buildSettings = {
				ALWAYS_EMBED_SWIFT_STANDARD_LIBRARIES = YES;
				BUNDLE_LOADER = "$(TEST_HOST)";
				CODE_SIGN_STYLE = Automatic;
				CURRENT_PROJECT_VERSION = 1;
				DEVELOPMENT_TEAM = R787T8T58T;
				GENERATE_INFOPLIST_FILE = YES;
				MARKETING_VERSION = 1.0;
				PRODUCT_BUNDLE_IDENTIFIER = "tools.backprop.benchmark-watch-Watch-AppTests";
				PRODUCT_NAME = "$(TARGET_NAME)";
				SDKROOT = watchos;
				SWIFT_EMIT_LOC_STRINGS = NO;
				SWIFT_VERSION = 5.0;
				TARGETED_DEVICE_FAMILY = 4;
				TEST_HOST = "$(BUILT_PRODUCTS_DIR)/benchmark-watch Watch App.app/$(BUNDLE_EXECUTABLE_FOLDER_PATH)/benchmark-watch Watch App";
				WATCHOS_DEPLOYMENT_TARGET = 9.1;
			};
			name = Release;
		};
		DD9C8A2729ED8F7C00702A0C /* Debug */ = {
			isa = XCBuildConfiguration;
			buildSettings = {
				ALWAYS_EMBED_SWIFT_STANDARD_LIBRARIES = YES;
				CODE_SIGN_STYLE = Automatic;
				CURRENT_PROJECT_VERSION = 1;
				DEVELOPMENT_TEAM = R787T8T58T;
				GENERATE_INFOPLIST_FILE = YES;
				MARKETING_VERSION = 1.0;
				PRODUCT_BUNDLE_IDENTIFIER = "tools.backprop.benchmark-watch-Watch-AppUITests";
				PRODUCT_NAME = "$(TARGET_NAME)";
				SDKROOT = watchos;
				SWIFT_EMIT_LOC_STRINGS = NO;
				SWIFT_VERSION = 5.0;
				TARGETED_DEVICE_FAMILY = 4;
				TEST_TARGET_NAME = "benchmark-watch Watch App";
				WATCHOS_DEPLOYMENT_TARGET = 9.1;
			};
			name = Debug;
		};
		DD9C8A2829ED8F7C00702A0C /* Release */ = {
			isa = XCBuildConfiguration;
			buildSettings = {
				ALWAYS_EMBED_SWIFT_STANDARD_LIBRARIES = YES;
				CODE_SIGN_STYLE = Automatic;
				CURRENT_PROJECT_VERSION = 1;
				DEVELOPMENT_TEAM = R787T8T58T;
				GENERATE_INFOPLIST_FILE = YES;
				MARKETING_VERSION = 1.0;
				PRODUCT_BUNDLE_IDENTIFIER = "tools.backprop.benchmark-watch-Watch-AppUITests";
				PRODUCT_NAME = "$(TARGET_NAME)";
				SDKROOT = watchos;
				SWIFT_EMIT_LOC_STRINGS = NO;
				SWIFT_VERSION = 5.0;
				TARGETED_DEVICE_FAMILY = 4;
				TEST_TARGET_NAME = "benchmark-watch Watch App";
				WATCHOS_DEPLOYMENT_TARGET = 9.1;
			};
			name = Release;
		};
/* End XCBuildConfiguration section */

/* Begin XCConfigurationList section */
		DD4D02B129EC599A00FAE587 /* Build configuration list for PBXProject "Benchmark" */ = {
			isa = XCConfigurationList;
			buildConfigurations = (
				DD4D02D829EC599B00FAE587 /* Debug */,
				DD4D02D929EC599B00FAE587 /* Release */,
			);
			defaultConfigurationIsVisible = 0;
			defaultConfigurationName = Release;
		};
		DD4D02DA29EC599B00FAE587 /* Build configuration list for PBXNativeTarget "Benchmark" */ = {
			isa = XCConfigurationList;
			buildConfigurations = (
				DD4D02DB29EC599B00FAE587 /* Debug */,
				DD4D02DC29EC599B00FAE587 /* Release */,
			);
			defaultConfigurationIsVisible = 0;
			defaultConfigurationName = Release;
		};
		DD4D02DD29EC599B00FAE587 /* Build configuration list for PBXNativeTarget "BenchmarkTests" */ = {
			isa = XCConfigurationList;
			buildConfigurations = (
				DD4D02DE29EC599B00FAE587 /* Debug */,
				DD4D02DF29EC599B00FAE587 /* Release */,
			);
			defaultConfigurationIsVisible = 0;
			defaultConfigurationName = Release;
		};
		DD4D02E029EC599B00FAE587 /* Build configuration list for PBXNativeTarget "BenchmarkUITests" */ = {
			isa = XCConfigurationList;
			buildConfigurations = (
				DD4D02E129EC599B00FAE587 /* Debug */,
				DD4D02E229EC599B00FAE587 /* Release */,
			);
			defaultConfigurationIsVisible = 0;
			defaultConfigurationName = Release;
		};
		DD9C8A2929ED8F7C00702A0C /* Build configuration list for PBXNativeTarget "benchmark-watch Watch App" */ = {
			isa = XCConfigurationList;
			buildConfigurations = (
				DD9C8A2329ED8F7C00702A0C /* Debug */,
				DD9C8A2429ED8F7C00702A0C /* Release */,
			);
			defaultConfigurationIsVisible = 0;
			defaultConfigurationName = Release;
		};
		DD9C8A2A29ED8F7C00702A0C /* Build configuration list for PBXNativeTarget "benchmark-watch" */ = {
			isa = XCConfigurationList;
			buildConfigurations = (
				DD9C8A2029ED8F7C00702A0C /* Debug */,
				DD9C8A2129ED8F7C00702A0C /* Release */,
			);
			defaultConfigurationIsVisible = 0;
			defaultConfigurationName = Release;
		};
		DD9C8A2B29ED8F7C00702A0C /* Build configuration list for PBXNativeTarget "benchmark-watch Watch AppTests" */ = {
			isa = XCConfigurationList;
			buildConfigurations = (
				DD9C8A2529ED8F7C00702A0C /* Debug */,
				DD9C8A2629ED8F7C00702A0C /* Release */,
			);
			defaultConfigurationIsVisible = 0;
			defaultConfigurationName = Release;
		};
		DD9C8A2C29ED8F7C00702A0C /* Build configuration list for PBXNativeTarget "benchmark-watch Watch AppUITests" */ = {
			isa = XCConfigurationList;
			buildConfigurations = (
				DD9C8A2729ED8F7C00702A0C /* Debug */,
				DD9C8A2829ED8F7C00702A0C /* Release */,
			);
			defaultConfigurationIsVisible = 0;
			defaultConfigurationName = Release;
		};
/* End XCConfigurationList section */
	};
	rootObject = DD4D02AE29EC599A00FAE587 /* Project object */;
}
